
Microsoft Visual Studio Solution File, Format Version 12.00
# Visual Studio 15
VisualStudioVersion = 15.0.28010.2046
MinimumVisualStudioVersion = 10.0.40219.1
Project("{9A19103F-16F7-4668-BE54-9A1E7A4F7556}") = "Send", "Send.csproj", "{9323DF93-2098-4FF2-BC91-46099050FEB2}"
EndProject
Project("{9A19103F-16F7-4668-BE54-9A1E7A4F7556}") = "Receive", "..\Receive\Receive.csproj", "{142DC6EA-51BC-4A75-A20E-C01122D2D87E}"
EndProject
Global
	GlobalSection(SolutionConfigurationPlatforms) = preSolution
		Debug|Any CPU = Debug|Any CPU
		Release|Any CPU = Release|Any CPU
	EndGlobalSection
	GlobalSection(ProjectConfigurationPlatforms) = postSolution
		{9323DF93-2098-4FF2-BC91-46099050FEB2}.Debug|Any CPU.ActiveCfg = Debug|Any CPU
		{9323DF93-2098-4FF2-BC91-46099050FEB2}.Debug|Any CPU.Build.0 = Debug|Any CPU
		{9323DF93-2098-4FF2-BC91-46099050FEB2}.Release|Any CPU.ActiveCfg = Release|Any CPU
		{9323DF93-2098-4FF2-BC91-46099050FEB2}.Release|Any CPU.Build.0 = Release|Any CPU
		{142DC6EA-51BC-4A75-A20E-C01122D2D87E}.Debug|Any CPU.ActiveCfg = Debug|Any CPU
		{142DC6EA-51BC-4A75-A20E-C01122D2D87E}.Debug|Any CPU.Build.0 = Debug|Any CPU
		{142DC6EA-51BC-4A75-A20E-C01122D2D87E}.Release|Any CPU.ActiveCfg = Release|Any CPU
		{142DC6EA-51BC-4A75-A20E-C01122D2D87E}.Release|Any CPU.Build.0 = Release|Any CPU
	EndGlobalSection
	GlobalSection(SolutionProperties) = preSolution
		HideSolutionNode = FALSE
	EndGlobalSection
	GlobalSection(ExtensibilityGlobals) = postSolution
		SolutionGuid = {66D4C3E9-E276-4159-9D9E-B286E09EE198}
	EndGlobalSection
EndGlobal
